
Microsoft Visual Studio Solution File, Format Version 12.00
# Visual Studio Version 17
VisualStudioVersion = 17.0.32014.148
MinimumVisualStudioVersion = 10.0.40219.1
Project("{9A19103F-16F7-4668-BE54-9A1E7A4F7556}") = "MovieShopMVC", "MovieShopMVC\MovieShopMVC.csproj", "{CB593182-3F88-4F50-9E1C-F49DB032B072}"
EndProject
Project("{9A19103F-16F7-4668-BE54-9A1E7A4F7556}") = "ApplicationCore", "ApplicationCore\ApplicationCore.csproj", "{5E64727E-5D0D-4D59-A60B-F50860F01DE5}"
EndProject
Project("{9A19103F-16F7-4668-BE54-9A1E7A4F7556}") = "Infrastructure", "Infrastructure\Infrastructure.csproj", "{CDB69B33-BA8B-4747-9CD2-41F6A20E3040}"
EndProject
Global
	GlobalSection(SolutionConfigurationPlatforms) = preSolution
		Debug|Any CPU = Debug|Any CPU
		Release|Any CPU = Release|Any CPU
	EndGlobalSection
	GlobalSection(ProjectConfigurationPlatforms) = postSolution
		{CB593182-3F88-4F50-9E1C-F49DB032B072}.Debug|Any CPU.ActiveCfg = Debug|Any CPU
		{CB593182-3F88-4F50-9E1C-F49DB032B072}.Debug|Any CPU.Build.0 = Debug|Any CPU
		{CB593182-3F88-4F50-9E1C-F49DB032B072}.Release|Any CPU.ActiveCfg = Release|Any CPU
		{CB593182-3F88-4F50-9E1C-F49DB032B072}.Release|Any CPU.Build.0 = Release|Any CPU
		{5E64727E-5D0D-4D59-A60B-F50860F01DE5}.Debug|Any CPU.ActiveCfg = Debug|Any CPU
		{5E64727E-5D0D-4D59-A60B-F50860F01DE5}.Debug|Any CPU.Build.0 = Debug|Any CPU
		{5E64727E-5D0D-4D59-A60B-F50860F01DE5}.Release|Any CPU.ActiveCfg = Release|Any CPU
		{5E64727E-5D0D-4D59-A60B-F50860F01DE5}.Release|Any CPU.Build.0 = Release|Any CPU
		{CDB69B33-BA8B-4747-9CD2-41F6A20E3040}.Debug|Any CPU.ActiveCfg = Debug|Any CPU
		{CDB69B33-BA8B-4747-9CD2-41F6A20E3040}.Debug|Any CPU.Build.0 = Debug|Any CPU
		{CDB69B33-BA8B-4747-9CD2-41F6A20E3040}.Release|Any CPU.ActiveCfg = Release|Any CPU
		{CDB69B33-BA8B-4747-9CD2-41F6A20E3040}.Release|Any CPU.Build.0 = Release|Any CPU
	EndGlobalSection
	GlobalSection(SolutionProperties) = preSolution
		HideSolutionNode = FALSE
	EndGlobalSection
	GlobalSection(ExtensibilityGlobals) = postSolution
		SolutionGuid = {39A2B4B7-814A-41B7-941C-F8E88B8A8974}
	EndGlobalSection
EndGlobal
